// !$*UTF8*$!
{
	archiveVersion = 1;
	classes = {
	};
	objectVersion = 46;
	objects = {

/* Begin PBXBuildFile section */
		5AF5DC571A9042F000BB193D /* AppDelegate.m in Sources */ = {isa = PBXBuildFile; fileRef = 5AF5DC561A9042F000BB193D /* AppDelegate.m */; };
		5AF5DC591A9042F000BB193D /* main.m in Sources */ = {isa = PBXBuildFile; fileRef = 5AF5DC581A9042F000BB193D /* main.m */; };
		5AF5DC5C1A9042F000BB193D /* ViewController.m in Sources */ = {isa = PBXBuildFile; fileRef = 5AF5DC5B1A9042F000BB193D /* ViewController.m */; };
		5AF5DC5E1A9042F000BB193D /* Images.xcassets in Resources */ = {isa = PBXBuildFile; fileRef = 5AF5DC5D1A9042F000BB193D /* Images.xcassets */; };
		5AF5DC611A9042F000BB193D /* Main.storyboard in Resources */ = {isa = PBXBuildFile; fileRef = 5AF5DC5F1A9042F000BB193D /* Main.storyboard */; };
		5AF5DC6D1A9042F000BB193D /* Pavanih_Homework3_TodoAppTests.m in Sources */ = {isa = PBXBuildFile; fileRef = 5AF5DC6C1A9042F000BB193D /* Pavanih_Homework3_TodoAppTests.m */; };
/* End PBXBuildFile section */

/* Begin PBXContainerItemProxy section */
		5AF5DC671A9042F000BB193D /* PBXContainerItemProxy */ = {
			isa = PBXContainerItemProxy;
			containerPortal = 5AF5DC481A9042F000BB193D /* Project object */;
			proxyType = 1;
			remoteGlobalIDString = 5AF5DC4F1A9042F000BB193D;
			remoteInfo = Pavanih_Homework3_TodoApp;
		};
/* End PBXContainerItemProxy section */

/* Begin PBXFileReference section */
		5AF5DC501A9042F000BB193D /* Pavanih_Homework3_TodoApp.app */ = {isa = PBXFileReference; explicitFileType = wrapper.application; includeInIndex = 0; path = Pavanih_Homework3_TodoApp.app; sourceTree = BUILT_PRODUCTS_DIR; };
		5AF5DC541A9042F000BB193D /* Info.plist */ = {isa = PBXFileReference; lastKnownFileType = text.plist.xml; path = Info.plist; sourceTree = "<group>"; };
		5AF5DC551A9042F000BB193D /* AppDelegate.h */ = {isa = PBXFileReference; lastKnownFileType = sourcecode.c.h; path = AppDelegate.h; sourceTree = "<group>"; };
		5AF5DC561A9042F000BB193D /* AppDelegate.m */ = {isa = PBXFileReference; lastKnownFileType = sourcecode.c.objc; path = AppDelegate.m; sourceTree = "<group>"; };
		5AF5DC581A9042F000BB193D /* main.m */ = {isa = PBXFileReference; lastKnownFileType = sourcecode.c.objc; path = main.m; sourceTree = "<group>"; };
		5AF5DC5A1A9042F000BB193D /* ViewController.h */ = {isa = PBXFileReference; lastKnownFileType = sourcecode.c.h; path = ViewController.h; sourceTree = "<group>"; };
		5AF5DC5B1A9042F000BB193D /* ViewController.m */ = {isa = PBXFileReference; lastKnownFileType = sourcecode.c.objc; path = ViewController.m; sourceTree = "<group>"; };
		5AF5DC5D1A9042F000BB193D /* Images.xcassets */ = {isa = PBXFileReference; lastKnownFileType = folder.assetcatalog; path = Images.xcassets; sourceTree = "<group>"; };
		5AF5DC601A9042F000BB193D /* Base */ = {isa = PBXFileReference; lastKnownFileType = file.storyboard; name = Base; path = Base.lproj/Main.storyboard; sourceTree = "<group>"; };
		5AF5DC661A9042F000BB193D /* Pavanih_Homework3_TodoAppTests.xctest */ = {isa = PBXFileReference; explicitFileType = wrapper.cfbundle; includeInIndex = 0; path = Pavanih_Homework3_TodoAppTests.xctest; sourceTree = BUILT_PRODUCTS_DIR; };
		5AF5DC6B1A9042F000BB193D /* Info.plist */ = {isa = PBXFileReference; lastKnownFileType = text.plist.xml; path = Info.plist; sourceTree = "<group>"; };
		5AF5DC6C1A9042F000BB193D /* Pavanih_Homework3_TodoAppTests.m */ = {isa = PBXFileReference; lastKnownFileType = sourcecode.c.objc; path = Pavanih_Homework3_TodoAppTests.m; sourceTree = "<group>"; };
/* End PBXFileReference section */

/* Begin PBXFrameworksBuildPhase section */
		5AF5DC4D1A9042F000BB193D /* Frameworks */ = {
			isa = PBXFrameworksBuildPhase;
			buildActionMask = 2147483647;
			files = (
			);
			runOnlyForDeploymentPostprocessing = 0;
		};
		5AF5DC631A9042F000BB193D /* Frameworks */ = {
			isa = PBXFrameworksBuildPhase;
			buildActionMask = 2147483647;
			files = (
			);
			runOnlyForDeploymentPostprocessing = 0;
		};
/* End PBXFrameworksBuildPhase section */

/* Begin PBXGroup section */
		5AF5DC471A9042F000BB193D = {
			isa = PBXGroup;
			children = (
				5AF5DC521A9042F000BB193D /* Pavanih_Homework3_TodoApp */,
				5AF5DC691A9042F000BB193D /* Pavanih_Homework3_TodoAppTests */,
				5AF5DC511A9042F000BB193D /* Products */,
			);
			sourceTree = "<group>";
		};
		5AF5DC511A9042F000BB193D /* Products */ = {
			isa = PBXGroup;
			children = (
				5AF5DC501A9042F000BB193D /* Pavanih_Homework3_TodoApp.app */,
				5AF5DC661A9042F000BB193D /* Pavanih_Homework3_TodoAppTests.xctest */,
			);
			name = Products;
			sourceTree = "<group>";
		};
		5AF5DC521A9042F000BB193D /* Pavanih_Homework3_TodoApp */ = {
			isa = PBXGroup;
			children = (
				5AF5DC551A9042F000BB193D /* AppDelegate.h */,
				5AF5DC561A9042F000BB193D /* AppDelegate.m */,
				5AF5DC5A1A9042F000BB193D /* ViewController.h */,
				5AF5DC5B1A9042F000BB193D /* ViewController.m */,
				5AF5DC5D1A9042F000BB193D /* Images.xcassets */,
				5AF5DC5F1A9042F000BB193D /* Main.storyboard */,
				5AF5DC531A9042F000BB193D /* Supporting Files */,
			);
			path = Pavanih_Homework3_TodoApp;
			sourceTree = "<group>";
		};
		5AF5DC531A9042F000BB193D /* Supporting Files */ = {
			isa = PBXGroup;
			children = (
				5AF5DC541A9042F000BB193D /* Info.plist */,
				5AF5DC581A9042F000BB193D /* main.m */,
			);
			name = "Supporting Files";
			sourceTree = "<group>";
		};
		5AF5DC691A9042F000BB193D /* Pavanih_Homework3_TodoAppTests */ = {
			isa = PBXGroup;
			children = (
				5AF5DC6C1A9042F000BB193D /* Pavanih_Homework3_TodoAppTests.m */,
				5AF5DC6A1A9042F000BB193D /* Supporting Files */,
			);
			path = Pavanih_Homework3_TodoAppTests;
			sourceTree = "<group>";
		};
		5AF5DC6A1A9042F000BB193D /* Supporting Files */ = {
			isa = PBXGroup;
			children = (
				5AF5DC6B1A9042F000BB193D /* Info.plist */,
			);
			name = "Supporting Files";
			sourceTree = "<group>";
		};
/* End PBXGroup section */

/* Begin PBXNativeTarget section */
		5AF5DC4F1A9042F000BB193D /* Pavanih_Homework3_TodoApp */ = {
			isa = PBXNativeTarget;
			buildConfigurationList = 5AF5DC701A9042F000BB193D /* Build configuration list for PBXNativeTarget "Pavanih_Homework3_TodoApp" */;
			buildPhases = (
				5AF5DC4C1A9042F000BB193D /* Sources */,
				5AF5DC4D1A9042F000BB193D /* Frameworks */,
				5AF5DC4E1A9042F000BB193D /* Resources */,
			);
			buildRules = (
			);
			dependencies = (
			);
			name = Pavanih_Homework3_TodoApp;
			productName = Pavanih_Homework3_TodoApp;
			productReference = 5AF5DC501A9042F000BB193D /* Pavanih_Homework3_TodoApp.app */;
			productType = "com.apple.product-type.application";
		};
		5AF5DC651A9042F000BB193D /* Pavanih_Homework3_TodoAppTests */ = {
			isa = PBXNativeTarget;
			buildConfigurationList = 5AF5DC731A9042F000BB193D /* Build configuration list for PBXNativeTarget "Pavanih_Homework3_TodoAppTests" */;
			buildPhases = (
				5AF5DC621A9042F000BB193D /* Sources */,
				5AF5DC631A9042F000BB193D /* Frameworks */,
				5AF5DC641A9042F000BB193D /* Resources */,
			);
			buildRules = (
			);
			dependencies = (
				5AF5DC681A9042F000BB193D /* PBXTargetDependency */,
			);
			name = Pavanih_Homework3_TodoAppTests;
			productName = Pavanih_Homework3_TodoAppTests;
			productReference = 5AF5DC661A9042F000BB193D /* Pavanih_Homework3_TodoAppTests.xctest */;
			productType = "com.apple.product-type.bundle.unit-test";
		};
/* End PBXNativeTarget section */

/* Begin PBXProject section */
		5AF5DC481A9042F000BB193D /* Project object */ = {
			isa = PBXProject;
			attributes = {
				LastUpgradeCheck = 0610;
				ORGANIZATIONNAME = "Pavani Haridasyam";
				TargetAttributes = {
					5AF5DC4F1A9042F000BB193D = {
						CreatedOnToolsVersion = 6.1.1;
					};
					5AF5DC651A9042F000BB193D = {
						CreatedOnToolsVersion = 6.1.1;
						TestTargetID = 5AF5DC4F1A9042F000BB193D;
					};
				};
			};
			buildConfigurationList = 5AF5DC4B1A9042F000BB193D /* Build configuration list for PBXProject "Pavanih_Homework3_TodoApp" */;
			compatibilityVersion = "Xcode 3.2";
			developmentRegion = English;
			hasScannedForEncodings = 0;
			knownRegions = (
				en,
				Base,
			);
			mainGroup = 5AF5DC471A9042F000BB193D;
			productRefGroup = 5AF5DC511A9042F000BB193D /* Products */;
			projectDirPath = "";
			projectRoot = "";
			targets = (
				5AF5DC4F1A9042F000BB193D /* Pavanih_Homework3_TodoApp */,
				5AF5DC651A9042F000BB193D /* Pavanih_Homework3_TodoAppTests */,
			);
		};
/* End PBXProject section */

/* Begin PBXResourcesBuildPhase section */
		5AF5DC4E1A9042F000BB193D /* Resources */ = {
			isa = PBXResourcesBuildPhase;
			buildActionMask = 2147483647;
			files = (
				5AF5DC5E1A9042F000BB193D /* Images.xcassets in Resources */,
				5AF5DC611A9042F000BB193D /* Main.storyboard in Resources */,
			);
			runOnlyForDeploymentPostprocessing = 0;
		};
		5AF5DC641A9042F000BB193D /* Resources */ = {
			isa = PBXResourcesBuildPhase;
			buildActionMask = 2147483647;
			files = (
			);
			runOnlyForDeploymentPostprocessing = 0;
		};
/* End PBXResourcesBuildPhase section */

/* Begin PBXSourcesBuildPhase section */
		5AF5DC4C1A9042F000BB193D /* Sources */ = {
			isa = PBXSourcesBuildPhase;
			buildActionMask = 2147483647;
			files = (
				5AF5DC5C1A9042F000BB193D /* ViewController.m in Sources */,
				5AF5DC591A9042F000BB193D /* main.m in Sources */,
				5AF5DC571A9042F000BB193D /* AppDelegate.m in Sources */,
			);
			runOnlyForDeploymentPostprocessing = 0;
		};
		5AF5DC621A9042F000BB193D /* Sources */ = {
			isa = PBXSourcesBuildPhase;
			buildActionMask = 2147483647;
			files = (
				5AF5DC6D1A9042F000BB193D /* Pavanih_Homework3_TodoAppTests.m in Sources */,
			);
			runOnlyForDeploymentPostprocessing = 0;
		};
/* End PBXSourcesBuildPhase section */

/* Begin PBXTargetDependency section */
		5AF5DC681A9042F000BB193D /* PBXTargetDependency */ = {
			isa = PBXTargetDependency;
			target = 5AF5DC4F1A9042F000BB193D /* Pavanih_Homework3_TodoApp */;
			targetProxy = 5AF5DC671A9042F000BB193D /* PBXContainerItemProxy */;
		};
/* End PBXTargetDependency section */

/* Begin PBXVariantGroup section */
		5AF5DC5F1A9042F000BB193D /* Main.storyboard */ = {
			isa = PBXVariantGroup;
			children = (
				5AF5DC601A9042F000BB193D /* Base */,
			);
			name = Main.storyboard;
			sourceTree = "<group>";
		};
/* End PBXVariantGroup section */

/* Begin XCBuildConfiguration section */
		5AF5DC6E1A9042F000BB193D /* Debug */ = {
			isa = XCBuildConfiguration;
			buildSettings = {
				ALWAYS_SEARCH_USER_PATHS = NO;
				CLANG_CXX_LANGUAGE_STANDARD = "gnu++0x";
				CLANG_CXX_LIBRARY = "libc++";
				CLANG_ENABLE_MODULES = YES;
				CLANG_ENABLE_OBJC_ARC = YES;
				CLANG_WARN_BOOL_CONVERSION = YES;
				CLANG_WARN_CONSTANT_CONVERSION = YES;
				CLANG_WARN_DIRECT_OBJC_ISA_USAGE = YES_ERROR;
				CLANG_WARN_EMPTY_BODY = YES;
				CLANG_WARN_ENUM_CONVERSION = YES;
				CLANG_WARN_INT_CONVERSION = YES;
				CLANG_WARN_OBJC_ROOT_CLASS = YES_ERROR;
				CLANG_WARN_UNREACHABLE_CODE = YES;
				CLANG_WARN__DUPLICATE_METHOD_MATCH = YES;
				CODE_SIGN_IDENTITY = "-";
				COPY_PHASE_STRIP = NO;
				ENABLE_STRICT_OBJC_MSGSEND = YES;
				GCC_C_LANGUAGE_STANDARD = gnu99;
				GCC_DYNAMIC_NO_PIC = NO;
				GCC_OPTIMIZATION_LEVEL = 0;
				GCC_PREPROCESSOR_DEFINITIONS = (
					"DEBUG=1",
					"$(inherited)",
				);
				GCC_SYMBOLS_PRIVATE_EXTERN = NO;
				GCC_WARN_64_TO_32_BIT_CONVERSION = YES;
				GCC_WARN_ABOUT_RETURN_TYPE = YES_ERROR;
				GCC_WARN_UNDECLARED_SELECTOR = YES;
				GCC_WARN_UNINITIALIZED_AUTOS = YES_AGGRESSIVE;
				GCC_WARN_UNUSED_FUNCTION = YES;
				GCC_WARN_UNUSED_VARIABLE = YES;
				MACOSX_DEPLOYMENT_TARGET = 10.10;
				MTL_ENABLE_DEBUG_INFO = YES;
				ONLY_ACTIVE_ARCH = YES;
				SDKROOT = macosx;
			};
			name = Debug;
		};
		5AF5DC6F1A9042F000BB193D /* Release */ = {
			isa = XCBuildConfiguration;
			buildSettings = {
				ALWAYS_SEARCH_USER_PATHS = NO;
				CLANG_CXX_LANGUAGE_STANDARD = "gnu++0x";
				CLANG_CXX_LIBRARY = "libc++";
				CLANG_ENABLE_MODULES = YES;
				CLANG_ENABLE_OBJC_ARC = YES;
				CLANG_WARN_BOOL_CONVERSION = YES;
				CLANG_WARN_CONSTANT_CONVERSION = YES;
				CLANG_WARN_DIRECT_OBJC_ISA_USAGE = YES_ERROR;
				CLANG_WARN_EMPTY_BODY = YES;
				CLANG_WARN_ENUM_CONVERSION = YES;
				CLANG_WARN_INT_CONVERSION = YES;
				CLANG_WARN_OBJC_ROOT_CLASS = YES_ERROR;
				CLANG_WARN_UNREACHABLE_CODE = YES;
				CLANG_WARN__DUPLICATE_METHOD_MATCH = YES;
				CODE_SIGN_IDENTITY = "-";
				COPY_PHASE_STRIP = YES;
				DEBUG_INFORMATION_FORMAT = "dwarf-with-dsym";
				ENABLE_NS_ASSERTIONS = NO;
				ENABLE_STRICT_OBJC_MSGSEND = YES;
				GCC_C_LANGUAGE_STANDARD = gnu99;
				GCC_WARN_64_TO_32_BIT_CONVERSION = YES;
				GCC_WARN_ABOUT_RETURN_TYPE = YES_ERROR;
				GCC_WARN_UNDECLARED_SELECTOR = YES;
				GCC_WARN_UNINITIALIZED_AUTOS = YES_AGGRESSIVE;
				GCC_WARN_UNUSED_FUNCTION = YES;
				GCC_WARN_UNUSED_VARIABLE = YES;
				MACOSX_DEPLOYMENT_TARGET = 10.10;
				MTL_ENABLE_DEBUG_INFO = NO;
				SDKROOT = macosx;
			};
			name = Release;
		};
		5AF5DC711A9042F000BB193D /* Debug */ = {
			isa = XCBuildConfiguration;
			buildSettings = {
				ASSETCATALOG_COMPILER_APPICON_NAME = AppIcon;
				COMBINE_HIDPI_IMAGES = YES;
				INFOPLIST_FILE = Pavanih_Homework3_TodoApp/Info.plist;
				LD_RUNPATH_SEARCH_PATHS = "$(inherited) @executable_path/../Frameworks";
				PRODUCT_NAME = "$(TARGET_NAME)";
			};
			name = Debug;
		};
		5AF5DC721A9042F000BB193D /* Release */ = {
			isa = XCBuildConfiguration;
			buildSettings = {
				ASSETCATALOG_COMPILER_APPICON_NAME = AppIcon;
				COMBINE_HIDPI_IMAGES = YES;
				INFOPLIST_FILE = Pavanih_Homework3_TodoApp/Info.plist;
				LD_RUNPATH_SEARCH_PATHS = "$(inherited) @executable_path/../Frameworks";
				PRODUCT_NAME = "$(TARGET_NAME)";
			};
			name = Release;
		};
		5AF5DC741A9042F000BB193D /* Debug */ = {
			isa = XCBuildConfiguration;
			buildSettings = {
				BUNDLE_LOADER = "$(TEST_HOST)";
				COMBINE_HIDPI_IMAGES = YES;
				FRAMEWORK_SEARCH_PATHS = (
					"$(DEVELOPER_FRAMEWORKS_DIR)",
					"$(inherited)",
				);
				GCC_PREPROCESSOR_DEFINITIONS = (
					"DEBUG=1",
					"$(inherited)",
				);
				INFOPLIST_FILE = Pavanih_Homework3_TodoAppTests/Info.plist;
				LD_RUNPATH_SEARCH_PATHS = "$(inherited) @executable_path/../Frameworks @loader_path/../Frameworks";
				PRODUCT_NAME = "$(TARGET_NAME)";
				TEST_HOST = "$(BUILT_PRODUCTS_DIR)/Pavanih_Homework3_TodoApp.app/Contents/MacOS/Pavanih_Homework3_TodoApp";
			};
			name = Debug;
		};
		5AF5DC751A9042F000BB193D /* Release */ = {
			isa = XCBuildConfiguration;
			buildSettings = {
				BUNDLE_LOADER = "$(TEST_HOST)";
				COMBINE_HIDPI_IMAGES = YES;
				FRAMEWORK_SEARCH_PATHS = (
					"$(DEVELOPER_FRAMEWORKS_DIR)",
					"$(inherited)",
				);
				INFOPLIST_FILE = Pavanih_Homework3_TodoAppTests/Info.plist;
				LD_RUNPATH_SEARCH_PATHS = "$(inherited) @executable_path/../Frameworks @loader_path/../Frameworks";
				PRODUCT_NAME = "$(TARGET_NAME)";
				TEST_HOST = "$(BUILT_PRODUCTS_DIR)/Pavanih_Homework3_TodoApp.app/Contents/MacOS/Pavanih_Homework3_TodoApp";
			};
			name = Release;
		};
/* End XCBuildConfiguration section */

/* Begin XCConfigurationList section */
		5AF5DC4B1A9042F000BB193D /* Build configuration list for PBXProject "Pavanih_Homework3_TodoApp" */ = {
			isa = XCConfigurationList;
			buildConfigurations = (
				5AF5DC6E1A9042F000BB193D /* Debug */,
				5AF5DC6F1A9042F000BB193D /* Release */,
			);
			defaultConfigurationIsVisible = 0;
			defaultConfigurationName = Release;
		};
		5AF5DC701A9042F000BB193D /* Build configuration list for PBXNativeTarget "Pavanih_Homework3_TodoApp" */ = {
			isa = XCConfigurationList;
			buildConfigurations = (
				5AF5DC711A9042F000BB193D /* Debug */,
				5AF5DC721A9042F000BB193D /* Release */,
			);
			defaultConfigurationIsVisible = 0;
		};
		5AF5DC731A9042F000BB193D /* Build configuration list for PBXNativeTarget "Pavanih_Homework3_TodoAppTests" */ = {
			isa = XCConfigurationList;
			buildConfigurations = (
				5AF5DC741A9042F000BB193D /* Debug */,
				5AF5DC751A9042F000BB193D /* Release */,
			);
			defaultConfigurationIsVisible = 0;
		};
/* End XCConfigurationList section */
	};
	rootObject = 5AF5DC481A9042F000BB193D /* Project object */;
}
